// !$*UTF8*$!
{
	archiveVersion = 1;
	classes = {
	};
	objectVersion = 55;
	objects = {

/* Begin PBXBuildFile section */
		942AF87B2784B0DF00B48D74 /* AppDelegate.m in Sources */ = {isa = PBXBuildFile; fileRef = 942AF87A2784B0DF00B48D74 /* AppDelegate.m */; };
		942AF8842784B0DF00B48D74 /* Main.storyboard in Resources */ = {isa = PBXBuildFile; fileRef = 942AF8822784B0DF00B48D74 /* Main.storyboard */; };
		942AF8862784B0E200B48D74 /* Assets.xcassets in Resources */ = {isa = PBXBuildFile; fileRef = 942AF8852784B0E200B48D74 /* Assets.xcassets */; };
		942AF8892784B0E200B48D74 /* LaunchScreen.storyboard in Resources */ = {isa = PBXBuildFile; fileRef = 942AF8872784B0E200B48D74 /* LaunchScreen.storyboard */; };
		942AF88C2784B0E200B48D74 /* main.m in Sources */ = {isa = PBXBuildFile; fileRef = 942AF88B2784B0E200B48D74 /* main.m */; };
		942AF8962784B0E300B48D74 /* DoveOCTests.m in Sources */ = {isa = PBXBuildFile; fileRef = 942AF8952784B0E300B48D74 /* DoveOCTests.m */; };
		942AF8A02784B0E300B48D74 /* DoveOCUITests.m in Sources */ = {isa = PBXBuildFile; fileRef = 942AF89F2784B0E300B48D74 /* DoveOCUITests.m */; };
		942AF8A22784B0E300B48D74 /* DoveOCUITestsLaunchTests.m in Sources */ = {isa = PBXBuildFile; fileRef = 942AF8A12784B0E300B48D74 /* DoveOCUITestsLaunchTests.m */; };
		94DCD08E2784B31E00481C5E /* GCDAPI.m in Sources */ = {isa = PBXBuildFile; fileRef = 94DCD08D2784B31E00481C5E /* GCDAPI.m */; };
		94DCD0922786D7D800481C5E /* DOVMemoryManagement.m in Sources */ = {isa = PBXBuildFile; fileRef = 94DCD0912786D7D800481C5E /* DOVMemoryManagement.m */; };
		968381B828FA973C0030F22E /* girl.png in Resources */ = {isa = PBXBuildFile; fileRef = 968381B728FA973C0030F22E /* girl.png */; };
		968381BB28FA9FFC0030F22E /* OOP.md in Resources */ = {isa = PBXBuildFile; fileRef = 968381BA28FA9FFC0030F22E /* OOP.md */; };
		968381BD28FAA06F0030F22E /* 开发规范.md in Resources */ = {isa = PBXBuildFile; fileRef = 968381BC28FAA06F0030F22E /* 开发规范.md */; };
		968381BF28FAA2A90030F22E /* 内存优化.md in Resources */ = {isa = PBXBuildFile; fileRef = 968381BE28FAA2A90030F22E /* 内存优化.md */; };
		96A59AC928F13F11009119E3 /* HDVPN.m in Sources */ = {isa = PBXBuildFile; fileRef = 96A59AC828F13F10009119E3 /* HDVPN.m */; };
		96A59ACD28F15DB9009119E3 /* NSString+HDContent.m in Sources */ = {isa = PBXBuildFile; fileRef = 96A59ACC28F15DB9009119E3 /* NSString+HDContent.m */; };
		96FB9D6528F80303003F1A68 /* HDHomeViewController.m in Sources */ = {isa = PBXBuildFile; fileRef = 96FB9D6428F80303003F1A68 /* HDHomeViewController.m */; };
		96FC032128FE798E008DE8FF /* 基本规范.md in Resources */ = {isa = PBXBuildFile; fileRef = 96FC032028FE798E008DE8FF /* 基本规范.md */; };
		96FC032328FEC908008DE8FF /* 防止崩溃.md in Resources */ = {isa = PBXBuildFile; fileRef = 96FC032228FEC907008DE8FF /* 防止崩溃.md */; };
		96FE9F9F28F9613600B9D87C /* HDWebViewController.m in Sources */ = {isa = PBXBuildFile; fileRef = 96FE9F9E28F9613600B9D87C /* HDWebViewController.m */; };
		96FE9FA728F968E900B9D87C /* JStoOC.html in Resources */ = {isa = PBXBuildFile; fileRef = 96FE9FA128F968E800B9D87C /* JStoOC.html */; };
/* End PBXBuildFile section */

/* Begin PBXContainerItemProxy section */
		942AF8922784B0E300B48D74 /* PBXContainerItemProxy */ = {
			isa = PBXContainerItemProxy;
			containerPortal = 942AF86E2784B0DF00B48D74 /* Project object */;
			proxyType = 1;
			remoteGlobalIDString = 942AF8752784B0DF00B48D74;
			remoteInfo = DoveOC;
		};
		942AF89C2784B0E300B48D74 /* PBXContainerItemProxy */ = {
			isa = PBXContainerItemProxy;
			containerPortal = 942AF86E2784B0DF00B48D74 /* Project object */;
			proxyType = 1;
			remoteGlobalIDString = 942AF8752784B0DF00B48D74;
			remoteInfo = DoveOC;
		};
/* End PBXContainerItemProxy section */

/* Begin PBXFileReference section */
		942AF8762784B0DF00B48D74 /* DoveOC.app */ = {isa = PBXFileReference; explicitFileType = wrapper.application; includeInIndex = 0; path = DoveOC.app; sourceTree = BUILT_PRODUCTS_DIR; };
		942AF8792784B0DF00B48D74 /* AppDelegate.h */ = {isa = PBXFileReference; lastKnownFileType = sourcecode.c.h; path = AppDelegate.h; sourceTree = "<group>"; };
		942AF87A2784B0DF00B48D74 /* AppDelegate.m */ = {isa = PBXFileReference; lastKnownFileType = sourcecode.c.objc; path = AppDelegate.m; sourceTree = "<group>"; };
		942AF8832784B0DF00B48D74 /* Base */ = {isa = PBXFileReference; lastKnownFileType = file.storyboard; name = Base; path = Base.lproj/Main.storyboard; sourceTree = "<group>"; };
		942AF8852784B0E200B48D74 /* Assets.xcassets */ = {isa = PBXFileReference; lastKnownFileType = folder.assetcatalog; path = Assets.xcassets; sourceTree = "<group>"; };
		942AF8882784B0E200B48D74 /* Base */ = {isa = PBXFileReference; lastKnownFileType = file.storyboard; name = Base; path = Base.lproj/LaunchScreen.storyboard; sourceTree = "<group>"; };
		942AF88A2784B0E200B48D74 /* Info.plist */ = {isa = PBXFileReference; lastKnownFileType = text.plist.xml; path = Info.plist; sourceTree = "<group>"; };
		942AF88B2784B0E200B48D74 /* main.m */ = {isa = PBXFileReference; lastKnownFileType = sourcecode.c.objc; path = main.m; sourceTree = "<group>"; };
		942AF8912784B0E300B48D74 /* DoveOCTests.xctest */ = {isa = PBXFileReference; explicitFileType = wrapper.cfbundle; includeInIndex = 0; path = DoveOCTests.xctest; sourceTree = BUILT_PRODUCTS_DIR; };
		942AF8952784B0E300B48D74 /* DoveOCTests.m */ = {isa = PBXFileReference; lastKnownFileType = sourcecode.c.objc; path = DoveOCTests.m; sourceTree = "<group>"; };
		942AF89B2784B0E300B48D74 /* DoveOCUITests.xctest */ = {isa = PBXFileReference; explicitFileType = wrapper.cfbundle; includeInIndex = 0; path = DoveOCUITests.xctest; sourceTree = BUILT_PRODUCTS_DIR; };
		942AF89F2784B0E300B48D74 /* DoveOCUITests.m */ = {isa = PBXFileReference; lastKnownFileType = sourcecode.c.objc; path = DoveOCUITests.m; sourceTree = "<group>"; };
		942AF8A12784B0E300B48D74 /* DoveOCUITestsLaunchTests.m */ = {isa = PBXFileReference; lastKnownFileType = sourcecode.c.objc; path = DoveOCUITestsLaunchTests.m; sourceTree = "<group>"; };
		94DCD08C2784B31E00481C5E /* GCDAPI.h */ = {isa = PBXFileReference; lastKnownFileType = sourcecode.c.h; path = GCDAPI.h; sourceTree = "<group>"; };
		94DCD08D2784B31E00481C5E /* GCDAPI.m */ = {isa = PBXFileReference; lastKnownFileType = sourcecode.c.objc; path = GCDAPI.m; sourceTree = "<group>"; };
		94DCD0902786D7D800481C5E /* DOVMemoryManagement.h */ = {isa = PBXFileReference; lastKnownFileType = sourcecode.c.h; path = DOVMemoryManagement.h; sourceTree = "<group>"; };
		94DCD0912786D7D800481C5E /* DOVMemoryManagement.m */ = {isa = PBXFileReference; lastKnownFileType = sourcecode.c.objc; path = DOVMemoryManagement.m; sourceTree = "<group>"; };
		96340CF629F6A267003B87C1 /* HDPageControl.m */ = {isa = PBXFileReference; lastKnownFileType = sourcecode.c.objc; path = HDPageControl.m; sourceTree = "<group>"; };
		96340CF829F77095003B87C1 /* HDCustomControl.m */ = {isa = PBXFileReference; lastKnownFileType = sourcecode.c.objc; path = HDCustomControl.m; sourceTree = "<group>"; };
		96340CFA29F770AE003B87C1 /* HDCustomView.m */ = {isa = PBXFileReference; lastKnownFileType = sourcecode.c.objc; path = HDCustomView.m; sourceTree = "<group>"; };
		96340CFB29F77159003B87C1 /* HDActivityIndicatorView.m */ = {isa = PBXFileReference; lastKnownFileType = sourcecode.c.objc; path = HDActivityIndicatorView.m; sourceTree = "<group>"; };
		96340CFC29F778D5003B87C1 /* HDNavigationBar.m */ = {isa = PBXFileReference; lastKnownFileType = sourcecode.c.objc; path = HDNavigationBar.m; sourceTree = "<group>"; };
		967D083E29F00E2600B94316 /* HDObject.m */ = {isa = PBXFileReference; lastKnownFileType = sourcecode.c.objc; path = HDObject.m; sourceTree = "<group>"; };
		967D085429F1563B00B94316 /* HDControl.m */ = {isa = PBXFileReference; lastKnownFileType = sourcecode.c.objc; path = HDControl.m; sourceTree = "<group>"; };
		967D085829F158B700B94316 /* HDMacro.md */ = {isa = PBXFileReference; lastKnownFileType = net.daringfireball.markdown; path = HDMacro.md; sourceTree = "<group>"; };
		967D085929F22A3800B94316 /* HDButton.m */ = {isa = PBXFileReference; lastKnownFileType = sourcecode.c.objc; path = HDButton.m; sourceTree = "<group>"; };
		968381B728FA973C0030F22E /* girl.png */ = {isa = PBXFileReference; lastKnownFileType = image.png; path = girl.png; sourceTree = "<group>"; };
		968381BA28FA9FFC0030F22E /* OOP.md */ = {isa = PBXFileReference; fileEncoding = 4; lastKnownFileType = net.daringfireball.markdown; path = OOP.md; sourceTree = "<group>"; };
		968381BC28FAA06F0030F22E /* 开发规范.md */ = {isa = PBXFileReference; fileEncoding = 4; lastKnownFileType = net.daringfireball.markdown; path = "开发规范.md"; sourceTree = "<group>"; };
		968381BE28FAA2A90030F22E /* 内存优化.md */ = {isa = PBXFileReference; fileEncoding = 4; lastKnownFileType = net.daringfireball.markdown; path = "内存优化.md"; sourceTree = "<group>"; };
		9693639E28F827A10031FBBC /* DoveOCPrefix.pch */ = {isa = PBXFileReference; lastKnownFileType = sourcecode.c.h; path = DoveOCPrefix.pch; sourceTree = "<group>"; };
		96A59AC728F13F10009119E3 /* HDVPN.h */ = {isa = PBXFileReference; lastKnownFileType = sourcecode.c.h; path = HDVPN.h; sourceTree = "<group>"; };
		96A59AC828F13F10009119E3 /* HDVPN.m */ = {isa = PBXFileReference; lastKnownFileType = sourcecode.c.objc; path = HDVPN.m; sourceTree = "<group>"; };
		96A59ACB28F15DB9009119E3 /* NSString+HDContent.h */ = {isa = PBXFileReference; lastKnownFileType = sourcecode.c.h; path = "NSString+HDContent.h"; sourceTree = "<group>"; };
		96A59ACC28F15DB9009119E3 /* NSString+HDContent.m */ = {isa = PBXFileReference; lastKnownFileType = sourcecode.c.objc; path = "NSString+HDContent.m"; sourceTree = "<group>"; };
		96BC4BF529EED485007DF06B /* HDView.m */ = {isa = PBXFileReference; fileEncoding = 4; lastKnownFileType = sourcecode.c.objc; path = HDView.m; sourceTree = "<group>"; };
		96BFD36D29F2606A002B3D34 /* HDRefreshControl.m */ = {isa = PBXFileReference; lastKnownFileType = sourcecode.c.objc; path = HDRefreshControl.m; sourceTree = "<group>"; };
		96BFD36F29F261D1002B3D34 /* HDSlider.m */ = {isa = PBXFileReference; lastKnownFileType = sourcecode.c.objc; path = HDSlider.m; sourceTree = "<group>"; };
		96BFD37029F26B6F002B3D34 /* HDTextField.m */ = {isa = PBXFileReference; lastKnownFileType = sourcecode.c.objc; path = HDTextField.m; sourceTree = "<group>"; };
		96BFD37229F27224002B3D34 /* HDMenuElement.m */ = {isa = PBXFileReference; lastKnownFileType = sourcecode.c.objc; path = HDMenuElement.m; sourceTree = "<group>"; };
		96BFD37429F277D3002B3D34 /* HDAction.m */ = {isa = PBXFileReference; lastKnownFileType = sourcecode.c.objc; path = HDAction.m; sourceTree = "<group>"; };
		96BFD37629F27BD0002B3D34 /* HDApplication.m */ = {isa = PBXFileReference; lastKnownFileType = sourcecode.c.objc; path = HDApplication.m; sourceTree = "<group>"; };
		96BFD37729F50C9B002B3D34 /* HDResponder.m */ = {isa = PBXFileReference; lastKnownFileType = sourcecode.c.objc; path = HDResponder.m; sourceTree = "<group>"; };
		96BFD37829F622D9002B3D34 /* HDWindow.m */ = {isa = PBXFileReference; lastKnownFileType = sourcecode.c.objc; path = HDWindow.m; sourceTree = "<group>"; };
		96BFD37A29F62480002B3D34 /* HDDataPicker.m */ = {isa = PBXFileReference; lastKnownFileType = sourcecode.c.objc; path = HDDataPicker.m; sourceTree = "<group>"; };
		96BFD37C29F671F4002B3D34 /* HDData.m */ = {isa = PBXFileReference; lastKnownFileType = sourcecode.c.objc; path = HDData.m; sourceTree = "<group>"; };
		96BFD37E29F6720D002B3D34 /* HDDate.m */ = {isa = PBXFileReference; lastKnownFileType = sourcecode.c.objc; path = HDDate.m; sourceTree = "<group>"; };
		96BFD38029F67776002B3D34 /* HDSwitch.m */ = {isa = PBXFileReference; lastKnownFileType = sourcecode.c.objc; path = HDSwitch.m; sourceTree = "<group>"; };
		96BFD38229F678D2002B3D34 /* HDSegmentedControl.m */ = {isa = PBXFileReference; lastKnownFileType = sourcecode.c.objc; path = HDSegmentedControl.m; sourceTree = "<group>"; };
		96FB9D6328F80303003F1A68 /* HDHomeViewController.h */ = {isa = PBXFileReference; lastKnownFileType = sourcecode.c.h; path = HDHomeViewController.h; sourceTree = "<group>"; };
		96FB9D6428F80303003F1A68 /* HDHomeViewController.m */ = {isa = PBXFileReference; lastKnownFileType = sourcecode.c.objc; path = HDHomeViewController.m; sourceTree = "<group>"; };
		96FC032028FE798E008DE8FF /* 基本规范.md */ = {isa = PBXFileReference; fileEncoding = 4; lastKnownFileType = net.daringfireball.markdown; path = "基本规范.md"; sourceTree = "<group>"; };
		96FC032228FEC907008DE8FF /* 防止崩溃.md */ = {isa = PBXFileReference; fileEncoding = 4; lastKnownFileType = net.daringfireball.markdown; path = "防止崩溃.md"; sourceTree = "<group>"; };
		96FE9F9D28F9613600B9D87C /* HDWebViewController.h */ = {isa = PBXFileReference; lastKnownFileType = sourcecode.c.h; path = HDWebViewController.h; sourceTree = "<group>"; };
		96FE9F9E28F9613600B9D87C /* HDWebViewController.m */ = {isa = PBXFileReference; lastKnownFileType = sourcecode.c.objc; path = HDWebViewController.m; sourceTree = "<group>"; };
		96FE9FA128F968E800B9D87C /* JStoOC.html */ = {isa = PBXFileReference; fileEncoding = 4; lastKnownFileType = text.html; path = JStoOC.html; sourceTree = "<group>"; };
/* End PBXFileReference section */

/* Begin PBXFrameworksBuildPhase section */
		942AF8732784B0DF00B48D74 /* Frameworks */ = {
			isa = PBXFrameworksBuildPhase;
			buildActionMask = 2147483647;
			files = (
			);
			runOnlyForDeploymentPostprocessing = 0;
		};
		942AF88E2784B0E300B48D74 /* Frameworks */ = {
			isa = PBXFrameworksBuildPhase;
			buildActionMask = 2147483647;
			files = (
			);
			runOnlyForDeploymentPostprocessing = 0;
		};
		942AF8982784B0E300B48D74 /* Frameworks */ = {
			isa = PBXFrameworksBuildPhase;
			buildActionMask = 2147483647;
			files = (
			);
			runOnlyForDeploymentPostprocessing = 0;
		};
/* End PBXFrameworksBuildPhase section */

/* Begin PBXGroup section */
		942AF86D2784B0DE00B48D74 = {
			isa = PBXGroup;
			children = (
				942AF8782784B0DF00B48D74 /* DoveOC */,
				942AF8942784B0E300B48D74 /* DoveOCTests */,
				942AF89E2784B0E300B48D74 /* DoveOCUITests */,
				942AF8772784B0DF00B48D74 /* Products */,
			);
			sourceTree = "<group>";
		};
		942AF8772784B0DF00B48D74 /* Products */ = {
			isa = PBXGroup;
			children = (
				942AF8762784B0DF00B48D74 /* DoveOC.app */,
				942AF8912784B0E300B48D74 /* DoveOCTests.xctest */,
				942AF89B2784B0E300B48D74 /* DoveOCUITests.xctest */,
			);
			name = Products;
			sourceTree = "<group>";
		};
		942AF8782784B0DF00B48D74 /* DoveOC */ = {
			isa = PBXGroup;
			children = (
				96FC031F28FE795A008DE8FF /* Document */,
				96A59AD128F66AB7009119E3 /* Modules */,
				96A59ACA28F15D05009119E3 /* Tools */,
				96A59AC628F13E9C009119E3 /* Category */,
				96A59ACF28F66921009119E3 /* Application */,
				96A59AD028F66A2C009119E3 /* Config */,
			);
			path = DoveOC;
			sourceTree = "<group>";
		};
		942AF8942784B0E300B48D74 /* DoveOCTests */ = {
			isa = PBXGroup;
			children = (
				942AF8952784B0E300B48D74 /* DoveOCTests.m */,
			);
			path = DoveOCTests;
			sourceTree = "<group>";
		};
		942AF89E2784B0E300B48D74 /* DoveOCUITests */ = {
			isa = PBXGroup;
			children = (
				942AF89F2784B0E300B48D74 /* DoveOCUITests.m */,
				942AF8A12784B0E300B48D74 /* DoveOCUITestsLaunchTests.m */,
			);
			path = DoveOCUITests;
			sourceTree = "<group>";
		};
		967D085229F155EE00B94316 /* API */ = {
			isa = PBXGroup;
			children = (
				967D085829F158B700B94316 /* HDMacro.md */,
				96BFD37C29F671F4002B3D34 /* HDData.m */,
				96BFD37E29F6720D002B3D34 /* HDDate.m */,
				967D083E29F00E2600B94316 /* HDObject.m */,
				96BFD37229F27224002B3D34 /* HDMenuElement.m */,
				96BFD37429F277D3002B3D34 /* HDAction.m */,
				96BFD37729F50C9B002B3D34 /* HDResponder.m */,
				96BFD37629F27BD0002B3D34 /* HDApplication.m */,
				96BC4BF529EED485007DF06B /* HDView.m */,
				96BFD37829F622D9002B3D34 /* HDWindow.m */,
				967D085429F1563B00B94316 /* HDControl.m */,
				967D085929F22A3800B94316 /* HDButton.m */,
				96BFD36D29F2606A002B3D34 /* HDRefreshControl.m */,
				96BFD36F29F261D1002B3D34 /* HDSlider.m */,
				96BFD37029F26B6F002B3D34 /* HDTextField.m */,
				96BFD37A29F62480002B3D34 /* HDDataPicker.m */,
				96BFD38029F67776002B3D34 /* HDSwitch.m */,
				96BFD38229F678D2002B3D34 /* HDSegmentedControl.m */,
				96340CF629F6A267003B87C1 /* HDPageControl.m */,
				96340CF829F77095003B87C1 /* HDCustomControl.m */,
				96340CFA29F770AE003B87C1 /* HDCustomView.m */,
				96340CFB29F77159003B87C1 /* HDActivityIndicatorView.m */,
				96340CFC29F778D5003B87C1 /* HDNavigationBar.m */,
			);
			path = API;
			sourceTree = "<group>";
		};
		967D085329F155FA00B94316 /* Word */ = {
			isa = PBXGroup;
			children = (
				968381BC28FAA06F0030F22E /* 开发规范.md */,
				968381BE28FAA2A90030F22E /* 内存优化.md */,
				968381BA28FA9FFC0030F22E /* OOP.md */,
				96FC032028FE798E008DE8FF /* 基本规范.md */,
				96FC032228FEC907008DE8FF /* 防止崩溃.md */,
			);
			path = Word;
			sourceTree = "<group>";
		};
		96A59AC628F13E9C009119E3 /* Category */ = {
			isa = PBXGroup;
			children = (
				96A59ACB28F15DB9009119E3 /* NSString+HDContent.h */,
				96A59ACC28F15DB9009119E3 /* NSString+HDContent.m */,
			);
			path = Category;
			sourceTree = "<group>";
		};
		96A59ACA28F15D05009119E3 /* Tools */ = {
			isa = PBXGroup;
			children = (
				96A59AC728F13F10009119E3 /* HDVPN.h */,
				96A59AC828F13F10009119E3 /* HDVPN.m */,
			);
			path = Tools;
			sourceTree = "<group>";
		};
		96A59ACF28F66921009119E3 /* Application */ = {
			isa = PBXGroup;
			children = (
				942AF8792784B0DF00B48D74 /* AppDelegate.h */,
				942AF87A2784B0DF00B48D74 /* AppDelegate.m */,
			);
			path = Application;
			sourceTree = "<group>";
		};
		96A59AD028F66A2C009119E3 /* Config */ = {
			isa = PBXGroup;
			children = (
				9693639E28F827A10031FBBC /* DoveOCPrefix.pch */,
				942AF88B2784B0E200B48D74 /* main.m */,
				942AF8822784B0DF00B48D74 /* Main.storyboard */,
				942AF8852784B0E200B48D74 /* Assets.xcassets */,
				942AF8872784B0E200B48D74 /* LaunchScreen.storyboard */,
				942AF88A2784B0E200B48D74 /* Info.plist */,
			);
			name = Config;
			sourceTree = "<group>";
		};
		96A59AD128F66AB7009119E3 /* Modules */ = {
			isa = PBXGroup;
			children = (
				96FB9D6328F80303003F1A68 /* HDHomeViewController.h */,
				96FB9D6428F80303003F1A68 /* HDHomeViewController.m */,
				96FE9FA028F968D700B9D87C /* web */,
				94DCD08C2784B31E00481C5E /* GCDAPI.h */,
				94DCD08D2784B31E00481C5E /* GCDAPI.m */,
				94DCD0902786D7D800481C5E /* DOVMemoryManagement.h */,
				94DCD0912786D7D800481C5E /* DOVMemoryManagement.m */,
			);
			path = Modules;
			sourceTree = "<group>";
		};
		96FC031F28FE795A008DE8FF /* Document */ = {
			isa = PBXGroup;
			children = (
				967D085329F155FA00B94316 /* Word */,
				967D085229F155EE00B94316 /* API */,
			);
			path = Document;
			sourceTree = "<group>";
		};
		96FE9FA028F968D700B9D87C /* web */ = {
			isa = PBXGroup;
			children = (
				96FE9F9D28F9613600B9D87C /* HDWebViewController.h */,
				96FE9F9E28F9613600B9D87C /* HDWebViewController.m */,
				968381B728FA973C0030F22E /* girl.png */,
				96FE9FA128F968E800B9D87C /* JStoOC.html */,
			);
			path = web;
			sourceTree = "<group>";
		};
/* End PBXGroup section */

/* Begin PBXNativeTarget section */
		942AF8752784B0DF00B48D74 /* DoveOC */ = {
			isa = PBXNativeTarget;
			buildConfigurationList = 942AF8A52784B0E300B48D74 /* Build configuration list for PBXNativeTarget "DoveOC" */;
			buildPhases = (
				942AF8722784B0DF00B48D74 /* Sources */,
				942AF8732784B0DF00B48D74 /* Frameworks */,
				942AF8742784B0DF00B48D74 /* Resources */,
			);
			buildRules = (
			);
			dependencies = (
			);
			name = DoveOC;
			productName = DoveOC;
			productReference = 942AF8762784B0DF00B48D74 /* DoveOC.app */;
			productType = "com.apple.product-type.application";
		};
		942AF8902784B0E300B48D74 /* DoveOCTests */ = {
			isa = PBXNativeTarget;
			buildConfigurationList = 942AF8A82784B0E300B48D74 /* Build configuration list for PBXNativeTarget "DoveOCTests" */;
			buildPhases = (
				942AF88D2784B0E300B48D74 /* Sources */,
				942AF88E2784B0E300B48D74 /* Frameworks */,
				942AF88F2784B0E300B48D74 /* Resources */,
			);
			buildRules = (
			);
			dependencies = (
				942AF8932784B0E300B48D74 /* PBXTargetDependency */,
			);
			name = DoveOCTests;
			productName = DoveOCTests;
			productReference = 942AF8912784B0E300B48D74 /* DoveOCTests.xctest */;
			productType = "com.apple.product-type.bundle.unit-test";
		};
		942AF89A2784B0E300B48D74 /* DoveOCUITests */ = {
			isa = PBXNativeTarget;
			buildConfigurationList = 942AF8AB2784B0E300B48D74 /* Build configuration list for PBXNativeTarget "DoveOCUITests" */;
			buildPhases = (
				942AF8972784B0E300B48D74 /* Sources */,
				942AF8982784B0E300B48D74 /* Frameworks */,
				942AF8992784B0E300B48D74 /* Resources */,
			);
			buildRules = (
			);
			dependencies = (
				942AF89D2784B0E300B48D74 /* PBXTargetDependency */,
			);
			name = DoveOCUITests;
			productName = DoveOCUITests;
			productReference = 942AF89B2784B0E300B48D74 /* DoveOCUITests.xctest */;
			productType = "com.apple.product-type.bundle.ui-testing";
		};
/* End PBXNativeTarget section */

/* Begin PBXProject section */
		942AF86E2784B0DF00B48D74 /* Project object */ = {
			isa = PBXProject;
			attributes = {
				BuildIndependentTargetsInParallel = 1;
				CLASSPREFIX = HD;
				LastUpgradeCheck = 1300;
				TargetAttributes = {
					942AF8752784B0DF00B48D74 = {
						CreatedOnToolsVersion = 13.0;
					};
					942AF8902784B0E300B48D74 = {
						CreatedOnToolsVersion = 13.0;
						TestTargetID = 942AF8752784B0DF00B48D74;
					};
					942AF89A2784B0E300B48D74 = {
						CreatedOnToolsVersion = 13.0;
						TestTargetID = 942AF8752784B0DF00B48D74;
					};
				};
			};
			buildConfigurationList = 942AF8712784B0DF00B48D74 /* Build configuration list for PBXProject "DoveOC" */;
			compatibilityVersion = "Xcode 13.0";
			developmentRegion = en;
			hasScannedForEncodings = 0;
			knownRegions = (
				en,
				Base,
			);
			mainGroup = 942AF86D2784B0DE00B48D74;
			productRefGroup = 942AF8772784B0DF00B48D74 /* Products */;
			projectDirPath = "";
			projectRoot = "";
			targets = (
				942AF8752784B0DF00B48D74 /* DoveOC */,
				942AF8902784B0E300B48D74 /* DoveOCTests */,
				942AF89A2784B0E300B48D74 /* DoveOCUITests */,
			);
		};
/* End PBXProject section */

/* Begin PBXResourcesBuildPhase section */
		942AF8742784B0DF00B48D74 /* Resources */ = {
			isa = PBXResourcesBuildPhase;
			buildActionMask = 2147483647;
			files = (
				96FE9FA728F968E900B9D87C /* JStoOC.html in Resources */,
				968381BF28FAA2A90030F22E /* 内存优化.md in Resources */,
				96FC032328FEC908008DE8FF /* 防止崩溃.md in Resources */,
				968381BD28FAA06F0030F22E /* 开发规范.md in Resources */,
				968381BB28FA9FFC0030F22E /* OOP.md in Resources */,
				942AF8892784B0E200B48D74 /* LaunchScreen.storyboard in Resources */,
				942AF8862784B0E200B48D74 /* Assets.xcassets in Resources */,
				96FC032128FE798E008DE8FF /* 基本规范.md in Resources */,
				942AF8842784B0DF00B48D74 /* Main.storyboard in Resources */,
				968381B828FA973C0030F22E /* girl.png in Resources */,
			);
			runOnlyForDeploymentPostprocessing = 0;
		};
		942AF88F2784B0E300B48D74 /* Resources */ = {
			isa = PBXResourcesBuildPhase;
			buildActionMask = 2147483647;
			files = (
			);
			runOnlyForDeploymentPostprocessing = 0;
		};
		942AF8992784B0E300B48D74 /* Resources */ = {
			isa = PBXResourcesBuildPhase;
			buildActionMask = 2147483647;
			files = (
			);
			runOnlyForDeploymentPostprocessing = 0;
		};
/* End PBXResourcesBuildPhase section */

/* Begin PBXSourcesBuildPhase section */
		942AF8722784B0DF00B48D74 /* Sources */ = {
			isa = PBXSourcesBuildPhase;
			buildActionMask = 2147483647;
			files = (
				94DCD08E2784B31E00481C5E /* GCDAPI.m in Sources */,
				96A59ACD28F15DB9009119E3 /* NSString+HDContent.m in Sources */,
				96FB9D6528F80303003F1A68 /* HDHomeViewController.m in Sources */,
				942AF87B2784B0DF00B48D74 /* AppDelegate.m in Sources */,
				96FE9F9F28F9613600B9D87C /* HDWebViewController.m in Sources */,
				94DCD0922786D7D800481C5E /* DOVMemoryManagement.m in Sources */,
				942AF88C2784B0E200B48D74 /* main.m in Sources */,
				96A59AC928F13F11009119E3 /* HDVPN.m in Sources */,
			);
			runOnlyForDeploymentPostprocessing = 0;
		};
		942AF88D2784B0E300B48D74 /* Sources */ = {
			isa = PBXSourcesBuildPhase;
			buildActionMask = 2147483647;
			files = (
				942AF8962784B0E300B48D74 /* DoveOCTests.m in Sources */,
			);
			runOnlyForDeploymentPostprocessing = 0;
		};
		942AF8972784B0E300B48D74 /* Sources */ = {
			isa = PBXSourcesBuildPhase;
			buildActionMask = 2147483647;
			files = (
				942AF8A22784B0E300B48D74 /* DoveOCUITestsLaunchTests.m in Sources */,
				942AF8A02784B0E300B48D74 /* DoveOCUITests.m in Sources */,
			);
			runOnlyForDeploymentPostprocessing = 0;
		};
/* End PBXSourcesBuildPhase section */

/* Begin PBXTargetDependency section */
		942AF8932784B0E300B48D74 /* PBXTargetDependency */ = {
			isa = PBXTargetDependency;
			target = 942AF8752784B0DF00B48D74 /* DoveOC */;
			targetProxy = 942AF8922784B0E300B48D74 /* PBXContainerItemProxy */;
		};
		942AF89D2784B0E300B48D74 /* PBXTargetDependency */ = {
			isa = PBXTargetDependency;
			target = 942AF8752784B0DF00B48D74 /* DoveOC */;
			targetProxy = 942AF89C2784B0E300B48D74 /* PBXContainerItemProxy */;
		};
/* End PBXTargetDependency section */

/* Begin PBXVariantGroup section */
		942AF8822784B0DF00B48D74 /* Main.storyboard */ = {
			isa = PBXVariantGroup;
			children = (
				942AF8832784B0DF00B48D74 /* Base */,
			);
			name = Main.storyboard;
			sourceTree = "<group>";
		};
		942AF8872784B0E200B48D74 /* LaunchScreen.storyboard */ = {
			isa = PBXVariantGroup;
			children = (
				942AF8882784B0E200B48D74 /* Base */,
			);
			name = LaunchScreen.storyboard;
			sourceTree = "<group>";
		};
/* End PBXVariantGroup section */

/* Begin XCBuildConfiguration section */
		942AF8A32784B0E300B48D74 /* Debug */ = {
			isa = XCBuildConfiguration;
			buildSettings = {
				ALWAYS_SEARCH_USER_PATHS = NO;
				CLANG_ANALYZER_NONNULL = YES;
				CLANG_ANALYZER_NUMBER_OBJECT_CONVERSION = YES_AGGRESSIVE;
				CLANG_CXX_LANGUAGE_STANDARD = "gnu++17";
				CLANG_CXX_LIBRARY = "libc++";
				CLANG_ENABLE_MODULES = YES;
				CLANG_ENABLE_OBJC_ARC = YES;
				CLANG_ENABLE_OBJC_WEAK = YES;
				CLANG_WARN_BLOCK_CAPTURE_AUTORELEASING = YES;
				CLANG_WARN_BOOL_CONVERSION = YES;
				CLANG_WARN_COMMA = YES;
				CLANG_WARN_CONSTANT_CONVERSION = YES;
				CLANG_WARN_DEPRECATED_OBJC_IMPLEMENTATIONS = YES;
				CLANG_WARN_DIRECT_OBJC_ISA_USAGE = YES_ERROR;
				CLANG_WARN_DOCUMENTATION_COMMENTS = YES;
				CLANG_WARN_EMPTY_BODY = YES;
				CLANG_WARN_ENUM_CONVERSION = YES;
				CLANG_WARN_INFINITE_RECURSION = YES;
				CLANG_WARN_INT_CONVERSION = YES;
				CLANG_WARN_NON_LITERAL_NULL_CONVERSION = YES;
				CLANG_WARN_OBJC_IMPLICIT_RETAIN_SELF = YES;
				CLANG_WARN_OBJC_LITERAL_CONVERSION = YES;
				CLANG_WARN_OBJC_ROOT_CLASS = YES_ERROR;
				CLANG_WARN_QUOTED_INCLUDE_IN_FRAMEWORK_HEADER = YES;
				CLANG_WARN_RANGE_LOOP_ANALYSIS = YES;
				CLANG_WARN_STRICT_PROTOTYPES = YES;
				CLANG_WARN_SUSPICIOUS_MOVE = YES;
				CLANG_WARN_UNGUARDED_AVAILABILITY = YES_AGGRESSIVE;
				CLANG_WARN_UNREACHABLE_CODE = YES;
				CLANG_WARN__DUPLICATE_METHOD_MATCH = YES;
				COPY_PHASE_STRIP = NO;
				DEBUG_INFORMATION_FORMAT = dwarf;
				ENABLE_STRICT_OBJC_MSGSEND = YES;
				ENABLE_TESTABILITY = YES;
				GCC_C_LANGUAGE_STANDARD = gnu11;
				GCC_DYNAMIC_NO_PIC = NO;
				GCC_NO_COMMON_BLOCKS = YES;
				GCC_OPTIMIZATION_LEVEL = 0;
				GCC_PREPROCESSOR_DEFINITIONS = (
					"DEBUG=1",
					"$(inherited)",
				);
				GCC_WARN_64_TO_32_BIT_CONVERSION = YES;
				GCC_WARN_ABOUT_RETURN_TYPE = YES_ERROR;
				GCC_WARN_UNDECLARED_SELECTOR = YES;
				GCC_WARN_UNINITIALIZED_AUTOS = YES_AGGRESSIVE;
				GCC_WARN_UNUSED_FUNCTION = YES;
				GCC_WARN_UNUSED_VARIABLE = YES;
				IPHONEOS_DEPLOYMENT_TARGET = 13.0;
				MTL_ENABLE_DEBUG_INFO = INCLUDE_SOURCE;
				MTL_FAST_MATH = YES;
				ONLY_ACTIVE_ARCH = YES;
				SDKROOT = iphoneos;
			};
			name = Debug;
		};
		942AF8A42784B0E300B48D74 /* Release */ = {
			isa = XCBuildConfiguration;
			buildSettings = {
				ALWAYS_SEARCH_USER_PATHS = NO;
				CLANG_ANALYZER_NONNULL = YES;
				CLANG_ANALYZER_NUMBER_OBJECT_CONVERSION = YES_AGGRESSIVE;
				CLANG_CXX_LANGUAGE_STANDARD = "gnu++17";
				CLANG_CXX_LIBRARY = "libc++";
				CLANG_ENABLE_MODULES = YES;
				CLANG_ENABLE_OBJC_ARC = YES;
				CLANG_ENABLE_OBJC_WEAK = YES;
				CLANG_WARN_BLOCK_CAPTURE_AUTORELEASING = YES;
				CLANG_WARN_BOOL_CONVERSION = YES;
				CLANG_WARN_COMMA = YES;
				CLANG_WARN_CONSTANT_CONVERSION = YES;
				CLANG_WARN_DEPRECATED_OBJC_IMPLEMENTATIONS = YES;
				CLANG_WARN_DIRECT_OBJC_ISA_USAGE = YES_ERROR;
				CLANG_WARN_DOCUMENTATION_COMMENTS = YES;
				CLANG_WARN_EMPTY_BODY = YES;
				CLANG_WARN_ENUM_CONVERSION = YES;
				CLANG_WARN_INFINITE_RECURSION = YES;
				CLANG_WARN_INT_CONVERSION = YES;
				CLANG_WARN_NON_LITERAL_NULL_CONVERSION = YES;
				CLANG_WARN_OBJC_IMPLICIT_RETAIN_SELF = YES;
				CLANG_WARN_OBJC_LITERAL_CONVERSION = YES;
				CLANG_WARN_OBJC_ROOT_CLASS = YES_ERROR;
				CLANG_WARN_QUOTED_INCLUDE_IN_FRAMEWORK_HEADER = YES;
				CLANG_WARN_RANGE_LOOP_ANALYSIS = YES;
				CLANG_WARN_STRICT_PROTOTYPES = YES;
				CLANG_WARN_SUSPICIOUS_MOVE = YES;
				CLANG_WARN_UNGUARDED_AVAILABILITY = YES_AGGRESSIVE;
				CLANG_WARN_UNREACHABLE_CODE = YES;
				CLANG_WARN__DUPLICATE_METHOD_MATCH = YES;
				COPY_PHASE_STRIP = NO;
				DEBUG_INFORMATION_FORMAT = "dwarf-with-dsym";
				ENABLE_NS_ASSERTIONS = NO;
				ENABLE_STRICT_OBJC_MSGSEND = YES;
				GCC_C_LANGUAGE_STANDARD = gnu11;
				GCC_NO_COMMON_BLOCKS = YES;
				GCC_WARN_64_TO_32_BIT_CONVERSION = YES;
				GCC_WARN_ABOUT_RETURN_TYPE = YES_ERROR;
				GCC_WARN_UNDECLARED_SELECTOR = YES;
				GCC_WARN_UNINITIALIZED_AUTOS = YES_AGGRESSIVE;
				GCC_WARN_UNUSED_FUNCTION = YES;
				GCC_WARN_UNUSED_VARIABLE = YES;
				IPHONEOS_DEPLOYMENT_TARGET = 13.0;
				MTL_ENABLE_DEBUG_INFO = NO;
				MTL_FAST_MATH = YES;
				SDKROOT = iphoneos;
				VALIDATE_PRODUCT = YES;
			};
			name = Release;
		};
		942AF8A62784B0E300B48D74 /* Debug */ = {
			isa = XCBuildConfiguration;
			buildSettings = {
				ASSETCATALOG_COMPILER_APPICON_NAME = AppIcon;
				ASSETCATALOG_COMPILER_GLOBAL_ACCENT_COLOR_NAME = AccentColor;
				CODE_SIGN_STYLE = Automatic;
				CURRENT_PROJECT_VERSION = 1;
				DEVELOPMENT_TEAM = 9GE322NYCW;
				GCC_PREFIX_HEADER = "$(SRCROOT)/DoveOC/DoveOCPrefix.pch";
				GENERATE_INFOPLIST_FILE = YES;
				INFOPLIST_FILE = DoveOC/Info.plist;
				INFOPLIST_KEY_CFBundleDisplayName = DoveOC;
				INFOPLIST_KEY_UIApplicationSupportsIndirectInputEvents = YES;
				INFOPLIST_KEY_UILaunchStoryboardName = LaunchScreen;
				INFOPLIST_KEY_UIMainStoryboardFile = Main;
				INFOPLIST_KEY_UIRequiredDeviceCapabilities = armv7;
				INFOPLIST_KEY_UISupportedInterfaceOrientations = "UIInterfaceOrientationPortrait UIInterfaceOrientationLandscapeLeft UIInterfaceOrientationLandscapeRight";
				INFOPLIST_KEY_UISupportedInterfaceOrientations_iPad = "UIInterfaceOrientationPortrait UIInterfaceOrientationPortraitUpsideDown UIInterfaceOrientationLandscapeLeft UIInterfaceOrientationLandscapeRight";
				INFOPLIST_KEY_UISupportedInterfaceOrientations_iPhone = "UIInterfaceOrientationPortrait UIInterfaceOrientationLandscapeLeft UIInterfaceOrientationLandscapeRight";
				LD_RUNPATH_SEARCH_PATHS = (
					"$(inherited)",
					"@executable_path/Frameworks",
				);
				MARKETING_VERSION = 1.0;
				PRODUCT_BUNDLE_IDENTIFIER = com.dove.DoveOC;
				PRODUCT_NAME = "$(TARGET_NAME)";
				SWIFT_EMIT_LOC_STRINGS = YES;
				TARGETED_DEVICE_FAMILY = "1,2";
			};
			name = Debug;
		};
		942AF8A72784B0E300B48D74 /* Release */ = {
			isa = XCBuildConfiguration;
			buildSettings = {
				ASSETCATALOG_COMPILER_APPICON_NAME = AppIcon;
				ASSETCATALOG_COMPILER_GLOBAL_ACCENT_COLOR_NAME = AccentColor;
				CODE_SIGN_STYLE = Automatic;
				CURRENT_PROJECT_VERSION = 1;
				DEVELOPMENT_TEAM = 9GE322NYCW;
				GCC_PREFIX_HEADER = "$(SRCROOT)/DoveOC/DoveOCPrefix.pch";
				GENERATE_INFOPLIST_FILE = YES;
				INFOPLIST_FILE = DoveOC/Info.plist;
				INFOPLIST_KEY_CFBundleDisplayName = DoveOC;
				INFOPLIST_KEY_UIApplicationSupportsIndirectInputEvents = YES;
				INFOPLIST_KEY_UILaunchStoryboardName = LaunchScreen;
				INFOPLIST_KEY_UIMainStoryboardFile = Main;
				INFOPLIST_KEY_UIRequiredDeviceCapabilities = armv7;
				INFOPLIST_KEY_UISupportedInterfaceOrientations = "UIInterfaceOrientationPortrait UIInterfaceOrientationLandscapeLeft UIInterfaceOrientationLandscapeRight";
				INFOPLIST_KEY_UISupportedInterfaceOrientations_iPad = "UIInterfaceOrientationPortrait UIInterfaceOrientationPortraitUpsideDown UIInterfaceOrientationLandscapeLeft UIInterfaceOrientationLandscapeRight";
				INFOPLIST_KEY_UISupportedInterfaceOrientations_iPhone = "UIInterfaceOrientationPortrait UIInterfaceOrientationLandscapeLeft UIInterfaceOrientationLandscapeRight";
				LD_RUNPATH_SEARCH_PATHS = (
					"$(inherited)",
					"@executable_path/Frameworks",
				);
				MARKETING_VERSION = 1.0;
				PRODUCT_BUNDLE_IDENTIFIER = com.dove.DoveOC;
				PRODUCT_NAME = "$(TARGET_NAME)";
				SWIFT_EMIT_LOC_STRINGS = YES;
				TARGETED_DEVICE_FAMILY = "1,2";
			};
			name = Release;
		};
		942AF8A92784B0E300B48D74 /* Debug */ = {
			isa = XCBuildConfiguration;
			buildSettings = {
				BUNDLE_LOADER = "$(TEST_HOST)";
				CODE_SIGN_STYLE = Automatic;
				CURRENT_PROJECT_VERSION = 1;
				DEVELOPMENT_TEAM = R64HGND54Q;
				GENERATE_INFOPLIST_FILE = YES;
				IPHONEOS_DEPLOYMENT_TARGET = 15.0;
				LD_RUNPATH_SEARCH_PATHS = (
					"$(inherited)",
					"@executable_path/Frameworks",
					"@loader_path/Frameworks",
				);
				MARKETING_VERSION = 1.0;
				PRODUCT_BUNDLE_IDENTIFIER = com.dove.DoveOCTests;
				PRODUCT_NAME = "$(TARGET_NAME)";
				SWIFT_EMIT_LOC_STRINGS = NO;
				TARGETED_DEVICE_FAMILY = "1,2";
				TEST_HOST = "$(BUILT_PRODUCTS_DIR)/DoveOC.app/DoveOC";
			};
			name = Debug;
		};
		942AF8AA2784B0E300B48D74 /* Release */ = {
			isa = XCBuildConfiguration;
			buildSettings = {
				BUNDLE_LOADER = "$(TEST_HOST)";
				CODE_SIGN_STYLE = Automatic;
				CURRENT_PROJECT_VERSION = 1;
				DEVELOPMENT_TEAM = R64HGND54Q;
				GENERATE_INFOPLIST_FILE = YES;
				IPHONEOS_DEPLOYMENT_TARGET = 15.0;
				LD_RUNPATH_SEARCH_PATHS = (
					"$(inherited)",
					"@executable_path/Frameworks",
					"@loader_path/Frameworks",
				);
				MARKETING_VERSION = 1.0;
				PRODUCT_BUNDLE_IDENTIFIER = com.dove.DoveOCTests;
				PRODUCT_NAME = "$(TARGET_NAME)";
				SWIFT_EMIT_LOC_STRINGS = NO;
				TARGETED_DEVICE_FAMILY = "1,2";
				TEST_HOST = "$(BUILT_PRODUCTS_DIR)/DoveOC.app/DoveOC";
			};
			name = Release;
		};
		942AF8AC2784B0E300B48D74 /* Debug */ = {
			isa = XCBuildConfiguration;
			buildSettings = {
				CODE_SIGN_STYLE = Automatic;
				CURRENT_PROJECT_VERSION = 1;
				DEVELOPMENT_TEAM = R64HGND54Q;
				GENERATE_INFOPLIST_FILE = YES;
				LD_RUNPATH_SEARCH_PATHS = (
					"$(inherited)",
					"@executable_path/Frameworks",
					"@loader_path/Frameworks",
				);
				MARKETING_VERSION = 1.0;
				PRODUCT_BUNDLE_IDENTIFIER = com.dove.DoveOCUITests;
				PRODUCT_NAME = "$(TARGET_NAME)";
				SWIFT_EMIT_LOC_STRINGS = NO;
				TARGETED_DEVICE_FAMILY = "1,2";
				TEST_TARGET_NAME = DoveOC;
			};
			name = Debug;
		};
		942AF8AD2784B0E300B48D74 /* Release */ = {
			isa = XCBuildConfiguration;
			buildSettings = {
				CODE_SIGN_STYLE = Automatic;
				CURRENT_PROJECT_VERSION = 1;
				DEVELOPMENT_TEAM = R64HGND54Q;
				GENERATE_INFOPLIST_FILE = YES;
				LD_RUNPATH_SEARCH_PATHS = (
					"$(inherited)",
					"@executable_path/Frameworks",
					"@loader_path/Frameworks",
				);
				MARKETING_VERSION = 1.0;
				PRODUCT_BUNDLE_IDENTIFIER = com.dove.DoveOCUITests;
				PRODUCT_NAME = "$(TARGET_NAME)";
				SWIFT_EMIT_LOC_STRINGS = NO;
				TARGETED_DEVICE_FAMILY = "1,2";
				TEST_TARGET_NAME = DoveOC;
			};
			name = Release;
		};
/* End XCBuildConfiguration section */

/* Begin XCConfigurationList section */
		942AF8712784B0DF00B48D74 /* Build configuration list for PBXProject "DoveOC" */ = {
			isa = XCConfigurationList;
			buildConfigurations = (
				942AF8A32784B0E300B48D74 /* Debug */,
				942AF8A42784B0E300B48D74 /* Release */,
			);
			defaultConfigurationIsVisible = 0;
			defaultConfigurationName = Release;
		};
		942AF8A52784B0E300B48D74 /* Build configuration list for PBXNativeTarget "DoveOC" */ = {
			isa = XCConfigurationList;
			buildConfigurations = (
				942AF8A62784B0E300B48D74 /* Debug */,
				942AF8A72784B0E300B48D74 /* Release */,
			);
			defaultConfigurationIsVisible = 0;
			defaultConfigurationName = Release;
		};
		942AF8A82784B0E300B48D74 /* Build configuration list for PBXNativeTarget "DoveOCTests" */ = {
			isa = XCConfigurationList;
			buildConfigurations = (
				942AF8A92784B0E300B48D74 /* Debug */,
				942AF8AA2784B0E300B48D74 /* Release */,
			);
			defaultConfigurationIsVisible = 0;
			defaultConfigurationName = Release;
		};
		942AF8AB2784B0E300B48D74 /* Build configuration list for PBXNativeTarget "DoveOCUITests" */ = {
			isa = XCConfigurationList;
			buildConfigurations = (
				942AF8AC2784B0E300B48D74 /* Debug */,
				942AF8AD2784B0E300B48D74 /* Release */,
			);
			defaultConfigurationIsVisible = 0;
			defaultConfigurationName = Release;
		};
/* End XCConfigurationList section */
	};
	rootObject = 942AF86E2784B0DF00B48D74 /* Project object */;
}
